
Microsoft Visual Studio Solution File, Format Version 12.00
# Visual Studio Version 17
VisualStudioVersion = 17.5.002.0
MinimumVisualStudioVersion = 10.0.40219.1
Project("{9A19103F-16F7-4668-BE54-9A1E7A4F7556}") = "ParcialNum1", "ParcialNum1.csproj", "{7CBD2F1C-29BD-48CB-A12A-0FD62758F158}"
EndProject
Global
	GlobalSection(SolutionConfigurationPlatforms) = preSolution
		Debug|Any CPU = Debug|Any CPU
		Release|Any CPU = Release|Any CPU
	EndGlobalSection
	GlobalSection(ProjectConfigurationPlatforms) = postSolution
		{7CBD2F1C-29BD-48CB-A12A-0FD62758F158}.Debug|Any CPU.ActiveCfg = Debug|Any CPU
		{7CBD2F1C-29BD-48CB-A12A-0FD62758F158}.Debug|Any CPU.Build.0 = Debug|Any CPU
		{7CBD2F1C-29BD-48CB-A12A-0FD62758F158}.Release|Any CPU.ActiveCfg = Release|Any CPU
		{7CBD2F1C-29BD-48CB-A12A-0FD62758F158}.Release|Any CPU.Build.0 = Release|Any CPU
	EndGlobalSection
	GlobalSection(SolutionProperties) = preSolution
		HideSolutionNode = FALSE
	EndGlobalSection
	GlobalSection(ExtensibilityGlobals) = postSolution
		SolutionGuid = {5ECB6B0B-CDA2-402C-8D31-2CFF91463639}
	EndGlobalSection
EndGlobal
